
Microsoft Visual Studio Solution File, Format Version 12.00
# Visual Studio Version 17
VisualStudioVersion = 17.1.32228.430
MinimumVisualStudioVersion = 10.0.40219.1
Project("{9A19103F-16F7-4668-BE54-9A1E7A4F7556}") = "Book-MGS", "Book-MGS.csproj", "{DFA81D6F-5C41-4C5F-AE22-EA078693CCE6}"
EndProject
Global
	GlobalSection(SolutionConfigurationPlatforms) = preSolution
		Debug|Any CPU = Debug|Any CPU
		Release|Any CPU = Release|Any CPU
	EndGlobalSection
	GlobalSection(ProjectConfigurationPlatforms) = postSolution
		{DFA81D6F-5C41-4C5F-AE22-EA078693CCE6}.Debug|Any CPU.ActiveCfg = Debug|Any CPU
		{DFA81D6F-5C41-4C5F-AE22-EA078693CCE6}.Debug|Any CPU.Build.0 = Debug|Any CPU
		{DFA81D6F-5C41-4C5F-AE22-EA078693CCE6}.Release|Any CPU.ActiveCfg = Release|Any CPU
		{DFA81D6F-5C41-4C5F-AE22-EA078693CCE6}.Release|Any CPU.Build.0 = Release|Any CPU
	EndGlobalSection
	GlobalSection(SolutionProperties) = preSolution
		HideSolutionNode = FALSE
	EndGlobalSection
	GlobalSection(ExtensibilityGlobals) = postSolution
		SolutionGuid = {33F275AB-71E2-4DE7-9D03-E0F23FA21D77}
	EndGlobalSection
EndGlobal
